
Microsoft Visual Studio Solution File, Format Version 12.00
# Visual Studio Version 17
VisualStudioVersion = 17.6.33723.286
MinimumVisualStudioVersion = 10.0.40219.1
Project("{FAE04EC0-301F-11D3-BF4B-00C04F79EFBC}") = "StringLibrary", "StringLibrary\StringLibrary.csproj", "{A12B811E-AF57-4893-82B7-FC74E695E9B7}"
EndProject
Global
	GlobalSection(SolutionConfigurationPlatforms) = preSolution
		Debug|Any CPU = Debug|Any CPU
		Release|Any CPU = Release|Any CPU
	EndGlobalSection
	GlobalSection(ProjectConfigurationPlatforms) = postSolution
		{A12B811E-AF57-4893-82B7-FC74E695E9B7}.Debug|Any CPU.ActiveCfg = Debug|Any CPU
		{A12B811E-AF57-4893-82B7-FC74E695E9B7}.Debug|Any CPU.Build.0 = Debug|Any CPU
		{A12B811E-AF57-4893-82B7-FC74E695E9B7}.Release|Any CPU.ActiveCfg = Release|Any CPU
		{A12B811E-AF57-4893-82B7-FC74E695E9B7}.Release|Any CPU.Build.0 = Release|Any CPU
	EndGlobalSection
	GlobalSection(SolutionProperties) = preSolution
		HideSolutionNode = FALSE
	EndGlobalSection
	GlobalSection(ExtensibilityGlobals) = postSolution
		SolutionGuid = {9EB5A265-DA4C-45AC-A11F-EE942132F024}
	EndGlobalSection
EndGlobal
